
Microsoft Visual Studio Solution File, Format Version 12.00
# Visual Studio Version 17
VisualStudioVersion = 17.7.34024.191
MinimumVisualStudioVersion = 10.0.40219.1
Project("{FAE04EC0-301F-11D3-BF4B-00C04F79EFBC}") = "Spg.ProductService", "Spg.ProductService\Spg.ProductService.csproj", "{20BD49A9-EF19-4CC1-B604-0C376599A215}"
EndProject
Project("{FAE04EC0-301F-11D3-BF4B-00C04F79EFBC}") = "Spg.ProductService.Repository", "Spg.ProductService.Repository\Spg.ProductService.Repository.csproj", "{F562FD26-0A8A-45A7-A9CE-88927E318F32}"
EndProject
Project("{FAE04EC0-301F-11D3-BF4B-00C04F79EFBC}") = "Spg.ProductService.DomainModel", "Spg.ProductService.DomainModel\Spg.ProductService.DomainModel.csproj", "{FC1C0B31-1D17-457A-92AB-9496653A4EB2}"
EndProject
Global
	GlobalSection(SolutionConfigurationPlatforms) = preSolution
		Debug|Any CPU = Debug|Any CPU
		Release|Any CPU = Release|Any CPU
	EndGlobalSection
	GlobalSection(ProjectConfigurationPlatforms) = postSolution
		{20BD49A9-EF19-4CC1-B604-0C376599A215}.Debug|Any CPU.ActiveCfg = Debug|Any CPU
		{20BD49A9-EF19-4CC1-B604-0C376599A215}.Debug|Any CPU.Build.0 = Debug|Any CPU
		{20BD49A9-EF19-4CC1-B604-0C376599A215}.Release|Any CPU.ActiveCfg = Release|Any CPU
		{20BD49A9-EF19-4CC1-B604-0C376599A215}.Release|Any CPU.Build.0 = Release|Any CPU
		{F562FD26-0A8A-45A7-A9CE-88927E318F32}.Debug|Any CPU.ActiveCfg = Debug|Any CPU
		{F562FD26-0A8A-45A7-A9CE-88927E318F32}.Debug|Any CPU.Build.0 = Debug|Any CPU
		{F562FD26-0A8A-45A7-A9CE-88927E318F32}.Release|Any CPU.ActiveCfg = Release|Any CPU
		{F562FD26-0A8A-45A7-A9CE-88927E318F32}.Release|Any CPU.Build.0 = Release|Any CPU
		{FC1C0B31-1D17-457A-92AB-9496653A4EB2}.Debug|Any CPU.ActiveCfg = Debug|Any CPU
		{FC1C0B31-1D17-457A-92AB-9496653A4EB2}.Debug|Any CPU.Build.0 = Debug|Any CPU
		{FC1C0B31-1D17-457A-92AB-9496653A4EB2}.Release|Any CPU.ActiveCfg = Release|Any CPU
		{FC1C0B31-1D17-457A-92AB-9496653A4EB2}.Release|Any CPU.Build.0 = Release|Any CPU
	EndGlobalSection
	GlobalSection(SolutionProperties) = preSolution
		HideSolutionNode = FALSE
	EndGlobalSection
	GlobalSection(ExtensibilityGlobals) = postSolution
		SolutionGuid = {A22746C4-95FC-45C4-AE3E-775E590B7653}
	EndGlobalSection
EndGlobal
